// !$*UTF8*$!
{
	archiveVersion = 1;
	classes = {
	};
	objectVersion = 56;
	objects = {

/* Begin PBXBuildFile section */
		92A3C11F2AFD4E7200F5ABAD /* weathermanager.swift in Sources */ = {isa = PBXBuildFile; fileRef = 92A3C11E2AFD4E7200F5ABAD /* weathermanager.swift */; };
		92A6D8892AFDACB800D612A2 /* weathermodel.swift in Sources */ = {isa = PBXBuildFile; fileRef = 92A6D8882AFDACB800D612A2 /* weathermodel.swift */; };
		92A820F52B006A0100FF39F7 /* weatherdata.swift in Sources */ = {isa = PBXBuildFile; fileRef = 92A820F42B006A0100FF39F7 /* weatherdata.swift */; };
		92BB83D42AFC7BDF006EFFC0 /* AppDelegate.swift in Sources */ = {isa = PBXBuildFile; fileRef = 92BB83D32AFC7BDF006EFFC0 /* AppDelegate.swift */; };
		92BB83D62AFC7BDF006EFFC0 /* SceneDelegate.swift in Sources */ = {isa = PBXBuildFile; fileRef = 92BB83D52AFC7BDF006EFFC0 /* SceneDelegate.swift */; };
		92BB83D82AFC7BDF006EFFC0 /* ViewController.swift in Sources */ = {isa = PBXBuildFile; fileRef = 92BB83D72AFC7BDF006EFFC0 /* ViewController.swift */; };
		92BB83DB2AFC7BDF006EFFC0 /* Main.storyboard in Resources */ = {isa = PBXBuildFile; fileRef = 92BB83D92AFC7BDF006EFFC0 /* Main.storyboard */; };
		92BB83DE2AFC7BDF006EFFC0 /* weather_app.xcdatamodeld in Sources */ = {isa = PBXBuildFile; fileRef = 92BB83DC2AFC7BDF006EFFC0 /* weather_app.xcdatamodeld */; };
		92BB83E02AFC7BE2006EFFC0 /* Assets.xcassets in Resources */ = {isa = PBXBuildFile; fileRef = 92BB83DF2AFC7BE2006EFFC0 /* Assets.xcassets */; };
		92BB83E32AFC7BE2006EFFC0 /* LaunchScreen.storyboard in Resources */ = {isa = PBXBuildFile; fileRef = 92BB83E12AFC7BE2006EFFC0 /* LaunchScreen.storyboard */; };
/* End PBXBuildFile section */

/* Begin PBXFileReference section */
		92A3C11E2AFD4E7200F5ABAD /* weathermanager.swift */ = {isa = PBXFileReference; lastKnownFileType = sourcecode.swift; path = weathermanager.swift; sourceTree = "<group>"; };
		92A6D8882AFDACB800D612A2 /* weathermodel.swift */ = {isa = PBXFileReference; lastKnownFileType = sourcecode.swift; path = weathermodel.swift; sourceTree = "<group>"; };
		92A820F42B006A0100FF39F7 /* weatherdata.swift */ = {isa = PBXFileReference; lastKnownFileType = sourcecode.swift; path = weatherdata.swift; sourceTree = "<group>"; };
		92BB83D02AFC7BDF006EFFC0 /* weather app.app */ = {isa = PBXFileReference; explicitFileType = wrapper.application; includeInIndex = 0; path = "weather app.app"; sourceTree = BUILT_PRODUCTS_DIR; };
		92BB83D32AFC7BDF006EFFC0 /* AppDelegate.swift */ = {isa = PBXFileReference; lastKnownFileType = sourcecode.swift; path = AppDelegate.swift; sourceTree = "<group>"; };
		92BB83D52AFC7BDF006EFFC0 /* SceneDelegate.swift */ = {isa = PBXFileReference; lastKnownFileType = sourcecode.swift; path = SceneDelegate.swift; sourceTree = "<group>"; };
		92BB83D72AFC7BDF006EFFC0 /* ViewController.swift */ = {isa = PBXFileReference; lastKnownFileType = sourcecode.swift; path = ViewController.swift; sourceTree = "<group>"; };
		92BB83DA2AFC7BDF006EFFC0 /* Base */ = {isa = PBXFileReference; lastKnownFileType = file.storyboard; name = Base; path = Base.lproj/Main.storyboard; sourceTree = "<group>"; };
		92BB83DD2AFC7BDF006EFFC0 /* weather_app.xcdatamodel */ = {isa = PBXFileReference; lastKnownFileType = wrapper.xcdatamodel; path = weather_app.xcdatamodel; sourceTree = "<group>"; };
		92BB83DF2AFC7BE2006EFFC0 /* Assets.xcassets */ = {isa = PBXFileReference; lastKnownFileType = folder.assetcatalog; path = Assets.xcassets; sourceTree = "<group>"; };
		92BB83E22AFC7BE2006EFFC0 /* Base */ = {isa = PBXFileReference; lastKnownFileType = file.storyboard; name = Base; path = Base.lproj/LaunchScreen.storyboard; sourceTree = "<group>"; };
		92BB83E42AFC7BE2006EFFC0 /* Info.plist */ = {isa = PBXFileReference; lastKnownFileType = text.plist.xml; path = Info.plist; sourceTree = "<group>"; };
/* End PBXFileReference section */

/* Begin PBXFrameworksBuildPhase section */
		92BB83CD2AFC7BDF006EFFC0 /* Frameworks */ = {
			isa = PBXFrameworksBuildPhase;
			buildActionMask = 2147483647;
			files = (
			);
			runOnlyForDeploymentPostprocessing = 0;
		};
/* End PBXFrameworksBuildPhase section */

/* Begin PBXGroup section */
		92BB83C72AFC7BDF006EFFC0 = {
			isa = PBXGroup;
			children = (
				92BB83D22AFC7BDF006EFFC0 /* weather app */,
				92BB83D12AFC7BDF006EFFC0 /* Products */,
			);
			sourceTree = "<group>";
		};
		92BB83D12AFC7BDF006EFFC0 /* Products */ = {
			isa = PBXGroup;
			children = (
				92BB83D02AFC7BDF006EFFC0 /* weather app.app */,
			);
			name = Products;
			sourceTree = "<group>";
		};
		92BB83D22AFC7BDF006EFFC0 /* weather app */ = {
			isa = PBXGroup;
			children = (
				92BB83D32AFC7BDF006EFFC0 /* AppDelegate.swift */,
				92BB83D52AFC7BDF006EFFC0 /* SceneDelegate.swift */,
				92BB83EB2AFC7C30006EFFC0 /* controller */,
				92BB83EA2AFC7C1C006EFFC0 /* Model */,
				92BB83EC2AFC7C54006EFFC0 /* view */,
				92BB83DF2AFC7BE2006EFFC0 /* Assets.xcassets */,
				92BB83E12AFC7BE2006EFFC0 /* LaunchScreen.storyboard */,
				92BB83E42AFC7BE2006EFFC0 /* Info.plist */,
				92BB83DC2AFC7BDF006EFFC0 /* weather_app.xcdatamodeld */,
			);
			path = "weather app";
			sourceTree = "<group>";
		};
		92BB83EA2AFC7C1C006EFFC0 /* Model */ = {
			isa = PBXGroup;
			children = (
				92A3C11E2AFD4E7200F5ABAD /* weathermanager.swift */,
				92A6D8882AFDACB800D612A2 /* weathermodel.swift */,
				92A820F42B006A0100FF39F7 /* weatherdata.swift */,
			);
			path = Model;
			sourceTree = "<group>";
		};
		92BB83EB2AFC7C30006EFFC0 /* controller */ = {
			isa = PBXGroup;
			children = (
				92BB83D72AFC7BDF006EFFC0 /* ViewController.swift */,
			);
			path = controller;
			sourceTree = "<group>";
		};
		92BB83EC2AFC7C54006EFFC0 /* view */ = {
			isa = PBXGroup;
			children = (
				92BB83D92AFC7BDF006EFFC0 /* Main.storyboard */,
			);
			path = view;
			sourceTree = "<group>";
		};
/* End PBXGroup section */

/* Begin PBXNativeTarget section */
		92BB83CF2AFC7BDF006EFFC0 /* weather app */ = {
			isa = PBXNativeTarget;
			buildConfigurationList = 92BB83E72AFC7BE2006EFFC0 /* Build configuration list for PBXNativeTarget "weather app" */;
			buildPhases = (
				92BB83CC2AFC7BDF006EFFC0 /* Sources */,
				92BB83CD2AFC7BDF006EFFC0 /* Frameworks */,
				92BB83CE2AFC7BDF006EFFC0 /* Resources */,
			);
			buildRules = (
			);
			dependencies = (
			);
			name = "weather app";
			productName = "weather app";
			productReference = 92BB83D02AFC7BDF006EFFC0 /* weather app.app */;
			productType = "com.apple.product-type.application";
		};
/* End PBXNativeTarget section */

/* Begin PBXProject section */
		92BB83C82AFC7BDF006EFFC0 /* Project object */ = {
			isa = PBXProject;
			attributes = {
				BuildIndependentTargetsInParallel = 1;
				LastSwiftUpdateCheck = 1420;
				LastUpgradeCheck = 1420;
				TargetAttributes = {
					92BB83CF2AFC7BDF006EFFC0 = {
						CreatedOnToolsVersion = 14.2;
					};
				};
			};
			buildConfigurationList = 92BB83CB2AFC7BDF006EFFC0 /* Build configuration list for PBXProject "weather app" */;
			compatibilityVersion = "Xcode 14.0";
			developmentRegion = en;
			hasScannedForEncodings = 0;
			knownRegions = (
				en,
				Base,
			);
			mainGroup = 92BB83C72AFC7BDF006EFFC0;
			productRefGroup = 92BB83D12AFC7BDF006EFFC0 /* Products */;
			projectDirPath = "";
			projectRoot = "";
			targets = (
				92BB83CF2AFC7BDF006EFFC0 /* weather app */,
			);
		};
/* End PBXProject section */

/* Begin PBXResourcesBuildPhase section */
		92BB83CE2AFC7BDF006EFFC0 /* Resources */ = {
			isa = PBXResourcesBuildPhase;
			buildActionMask = 2147483647;
			files = (
				92BB83E32AFC7BE2006EFFC0 /* LaunchScreen.storyboard in Resources */,
				92BB83E02AFC7BE2006EFFC0 /* Assets.xcassets in Resources */,
				92BB83DB2AFC7BDF006EFFC0 /* Main.storyboard in Resources */,
			);
			runOnlyForDeploymentPostprocessing = 0;
		};
/* End PBXResourcesBuildPhase section */

/* Begin PBXSourcesBuildPhase section */
		92BB83CC2AFC7BDF006EFFC0 /* Sources */ = {
			isa = PBXSourcesBuildPhase;
			buildActionMask = 2147483647;
			files = (
				92BB83DE2AFC7BDF006EFFC0 /* weather_app.xcdatamodeld in Sources */,
				92BB83D82AFC7BDF006EFFC0 /* ViewController.swift in Sources */,
				92A820F52B006A0100FF39F7 /* weatherdata.swift in Sources */,
				92A3C11F2AFD4E7200F5ABAD /* weathermanager.swift in Sources */,
				92BB83D42AFC7BDF006EFFC0 /* AppDelegate.swift in Sources */,
				92A6D8892AFDACB800D612A2 /* weathermodel.swift in Sources */,
				92BB83D62AFC7BDF006EFFC0 /* SceneDelegate.swift in Sources */,
			);
			runOnlyForDeploymentPostprocessing = 0;
		};
/* End PBXSourcesBuildPhase section */

/* Begin PBXVariantGroup section */
		92BB83D92AFC7BDF006EFFC0 /* Main.storyboard */ = {
			isa = PBXVariantGroup;
			children = (
				92BB83DA2AFC7BDF006EFFC0 /* Base */,
			);
			name = Main.storyboard;
			sourceTree = "<group>";
		};
		92BB83E12AFC7BE2006EFFC0 /* LaunchScreen.storyboard */ = {
			isa = PBXVariantGroup;
			children = (
				92BB83E22AFC7BE2006EFFC0 /* Base */,
			);
			name = LaunchScreen.storyboard;
			sourceTree = "<group>";
		};
/* End PBXVariantGroup section */

/* Begin XCBuildConfiguration section */
		92BB83E52AFC7BE2006EFFC0 /* Debug */ = {
			isa = XCBuildConfiguration;
			buildSettings = {
				ALWAYS_SEARCH_USER_PATHS = NO;
				CLANG_ANALYZER_NONNULL = YES;
				CLANG_ANALYZER_NUMBER_OBJECT_CONVERSION = YES_AGGRESSIVE;
				CLANG_CXX_LANGUAGE_STANDARD = "gnu++20";
				CLANG_ENABLE_MODULES = YES;
				CLANG_ENABLE_OBJC_ARC = YES;
				CLANG_ENABLE_OBJC_WEAK = YES;
				CLANG_WARN_BLOCK_CAPTURE_AUTORELEASING = YES;
				CLANG_WARN_BOOL_CONVERSION = YES;
				CLANG_WARN_COMMA = YES;
				CLANG_WARN_CONSTANT_CONVERSION = YES;
				CLANG_WARN_DEPRECATED_OBJC_IMPLEMENTATIONS = YES;
				CLANG_WARN_DIRECT_OBJC_ISA_USAGE = YES_ERROR;
				CLANG_WARN_DOCUMENTATION_COMMENTS = YES;
				CLANG_WARN_EMPTY_BODY = YES;
				CLANG_WARN_ENUM_CONVERSION = YES;
				CLANG_WARN_INFINITE_RECURSION = YES;
				CLANG_WARN_INT_CONVERSION = YES;
				CLANG_WARN_NON_LITERAL_NULL_CONVERSION = YES;
				CLANG_WARN_OBJC_IMPLICIT_RETAIN_SELF = YES;
				CLANG_WARN_OBJC_LITERAL_CONVERSION = YES;
				CLANG_WARN_OBJC_ROOT_CLASS = YES_ERROR;
				CLANG_WARN_QUOTED_INCLUDE_IN_FRAMEWORK_HEADER = YES;
				CLANG_WARN_RANGE_LOOP_ANALYSIS = YES;
				CLANG_WARN_STRICT_PROTOTYPES = YES;
				CLANG_WARN_SUSPICIOUS_MOVE = YES;
				CLANG_WARN_UNGUARDED_AVAILABILITY = YES_AGGRESSIVE;
				CLANG_WARN_UNREACHABLE_CODE = YES;
				CLANG_WARN__DUPLICATE_METHOD_MATCH = YES;
				COPY_PHASE_STRIP = NO;
				DEBUG_INFORMATION_FORMAT = dwarf;
				ENABLE_STRICT_OBJC_MSGSEND = YES;
				ENABLE_TESTABILITY = YES;
				GCC_C_LANGUAGE_STANDARD = gnu11;
				GCC_DYNAMIC_NO_PIC = NO;
				GCC_NO_COMMON_BLOCKS = YES;
				GCC_OPTIMIZATION_LEVEL = 0;
				GCC_PREPROCESSOR_DEFINITIONS = (
					"DEBUG=1",
					"$(inherited)",
				);
				GCC_WARN_64_TO_32_BIT_CONVERSION = YES;
				GCC_WARN_ABOUT_RETURN_TYPE = YES_ERROR;
				GCC_WARN_UNDECLARED_SELECTOR = YES;
				GCC_WARN_UNINITIALIZED_AUTOS = YES_AGGRESSIVE;
				GCC_WARN_UNUSED_FUNCTION = YES;
				GCC_WARN_UNUSED_VARIABLE = YES;
				IPHONEOS_DEPLOYMENT_TARGET = 16.2;
				MTL_ENABLE_DEBUG_INFO = INCLUDE_SOURCE;
				MTL_FAST_MATH = YES;
				ONLY_ACTIVE_ARCH = YES;
				SDKROOT = iphoneos;
				SWIFT_ACTIVE_COMPILATION_CONDITIONS = DEBUG;
				SWIFT_OPTIMIZATION_LEVEL = "-Onone";
			};
			name = Debug;
		};
		92BB83E62AFC7BE2006EFFC0 /* Release */ = {
			isa = XCBuildConfiguration;
			buildSettings = {
				ALWAYS_SEARCH_USER_PATHS = NO;
				CLANG_ANALYZER_NONNULL = YES;
				CLANG_ANALYZER_NUMBER_OBJECT_CONVERSION = YES_AGGRESSIVE;
				CLANG_CXX_LANGUAGE_STANDARD = "gnu++20";
				CLANG_ENABLE_MODULES = YES;
				CLANG_ENABLE_OBJC_ARC = YES;
				CLANG_ENABLE_OBJC_WEAK = YES;
				CLANG_WARN_BLOCK_CAPTURE_AUTORELEASING = YES;
				CLANG_WARN_BOOL_CONVERSION = YES;
				CLANG_WARN_COMMA = YES;
				CLANG_WARN_CONSTANT_CONVERSION = YES;
				CLANG_WARN_DEPRECATED_OBJC_IMPLEMENTATIONS = YES;
				CLANG_WARN_DIRECT_OBJC_ISA_USAGE = YES_ERROR;
				CLANG_WARN_DOCUMENTATION_COMMENTS = YES;
				CLANG_WARN_EMPTY_BODY = YES;
				CLANG_WARN_ENUM_CONVERSION = YES;
				CLANG_WARN_INFINITE_RECURSION = YES;
				CLANG_WARN_INT_CONVERSION = YES;
				CLANG_WARN_NON_LITERAL_NULL_CONVERSION = YES;
				CLANG_WARN_OBJC_IMPLICIT_RETAIN_SELF = YES;
				CLANG_WARN_OBJC_LITERAL_CONVERSION = YES;
				CLANG_WARN_OBJC_ROOT_CLASS = YES_ERROR;
				CLANG_WARN_QUOTED_INCLUDE_IN_FRAMEWORK_HEADER = YES;
				CLANG_WARN_RANGE_LOOP_ANALYSIS = YES;
				CLANG_WARN_STRICT_PROTOTYPES = YES;
				CLANG_WARN_SUSPICIOUS_MOVE = YES;
				CLANG_WARN_UNGUARDED_AVAILABILITY = YES_AGGRESSIVE;
				CLANG_WARN_UNREACHABLE_CODE = YES;
				CLANG_WARN__DUPLICATE_METHOD_MATCH = YES;
				COPY_PHASE_STRIP = NO;
				DEBUG_INFORMATION_FORMAT = "dwarf-with-dsym";
				ENABLE_NS_ASSERTIONS = NO;
				ENABLE_STRICT_OBJC_MSGSEND = YES;
				GCC_C_LANGUAGE_STANDARD = gnu11;
				GCC_NO_COMMON_BLOCKS = YES;
				GCC_WARN_64_TO_32_BIT_CONVERSION = YES;
				GCC_WARN_ABOUT_RETURN_TYPE = YES_ERROR;
				GCC_WARN_UNDECLARED_SELECTOR = YES;
				GCC_WARN_UNINITIALIZED_AUTOS = YES_AGGRESSIVE;
				GCC_WARN_UNUSED_FUNCTION = YES;
				GCC_WARN_UNUSED_VARIABLE = YES;
				IPHONEOS_DEPLOYMENT_TARGET = 16.2;
				MTL_ENABLE_DEBUG_INFO = NO;
				MTL_FAST_MATH = YES;
				SDKROOT = iphoneos;
				SWIFT_COMPILATION_MODE = wholemodule;
				SWIFT_OPTIMIZATION_LEVEL = "-O";
				VALIDATE_PRODUCT = YES;
			};
			name = Release;
		};
		92BB83E82AFC7BE2006EFFC0 /* Debug */ = {
			isa = XCBuildConfiguration;
			buildSettings = {
				ASSETCATALOG_COMPILER_APPICON_NAME = AppIcon;
				ASSETCATALOG_COMPILER_GLOBAL_ACCENT_COLOR_NAME = AccentColor;
				CODE_SIGN_STYLE = Automatic;
				CURRENT_PROJECT_VERSION = 1;
				GENERATE_INFOPLIST_FILE = YES;
				INFOPLIST_FILE = "weather app/Info.plist";
				INFOPLIST_KEY_UIApplicationSupportsIndirectInputEvents = YES;
				INFOPLIST_KEY_UILaunchStoryboardName = LaunchScreen;
				INFOPLIST_KEY_UIMainStoryboardFile = Main;
				INFOPLIST_KEY_UISupportedInterfaceOrientations_iPad = "UIInterfaceOrientationPortrait UIInterfaceOrientationPortraitUpsideDown UIInterfaceOrientationLandscapeLeft UIInterfaceOrientationLandscapeRight";
				INFOPLIST_KEY_UISupportedInterfaceOrientations_iPhone = "UIInterfaceOrientationPortrait UIInterfaceOrientationLandscapeLeft UIInterfaceOrientationLandscapeRight";
				LD_RUNPATH_SEARCH_PATHS = (
					"$(inherited)",
					"@executable_path/Frameworks",
				);
				MARKETING_VERSION = 1.0;
				PRODUCT_BUNDLE_IDENTIFIER = "yousef.weather-app";
				PRODUCT_NAME = "$(TARGET_NAME)";
				SWIFT_EMIT_LOC_STRINGS = YES;
				SWIFT_VERSION = 5.0;
				TARGETED_DEVICE_FAMILY = "1,2";
			};
			name = Debug;
		};
		92BB83E92AFC7BE2006EFFC0 /* Release */ = {
			isa = XCBuildConfiguration;
			buildSettings = {
				ASSETCATALOG_COMPILER_APPICON_NAME = AppIcon;
				ASSETCATALOG_COMPILER_GLOBAL_ACCENT_COLOR_NAME = AccentColor;
				CODE_SIGN_STYLE = Automatic;
				CURRENT_PROJECT_VERSION = 1;
				GENERATE_INFOPLIST_FILE = YES;
				INFOPLIST_FILE = "weather app/Info.plist";
				INFOPLIST_KEY_UIApplicationSupportsIndirectInputEvents = YES;
				INFOPLIST_KEY_UILaunchStoryboardName = LaunchScreen;
				INFOPLIST_KEY_UIMainStoryboardFile = Main;
				INFOPLIST_KEY_UISupportedInterfaceOrientations_iPad = "UIInterfaceOrientationPortrait UIInterfaceOrientationPortraitUpsideDown UIInterfaceOrientationLandscapeLeft UIInterfaceOrientationLandscapeRight";
				INFOPLIST_KEY_UISupportedInterfaceOrientations_iPhone = "UIInterfaceOrientationPortrait UIInterfaceOrientationLandscapeLeft UIInterfaceOrientationLandscapeRight";
				LD_RUNPATH_SEARCH_PATHS = (
					"$(inherited)",
					"@executable_path/Frameworks",
				);
				MARKETING_VERSION = 1.0;
				PRODUCT_BUNDLE_IDENTIFIER = "yousef.weather-app";
				PRODUCT_NAME = "$(TARGET_NAME)";
				SWIFT_EMIT_LOC_STRINGS = YES;
				SWIFT_VERSION = 5.0;
				TARGETED_DEVICE_FAMILY = "1,2";
			};
			name = Release;
		};
/* End XCBuildConfiguration section */

/* Begin XCConfigurationList section */
		92BB83CB2AFC7BDF006EFFC0 /* Build configuration list for PBXProject "weather app" */ = {
			isa = XCConfigurationList;
			buildConfigurations = (
				92BB83E52AFC7BE2006EFFC0 /* Debug */,
				92BB83E62AFC7BE2006EFFC0 /* Release */,
			);
			defaultConfigurationIsVisible = 0;
			defaultConfigurationName = Release;
		};
		92BB83E72AFC7BE2006EFFC0 /* Build configuration list for PBXNativeTarget "weather app" */ = {
			isa = XCConfigurationList;
			buildConfigurations = (
				92BB83E82AFC7BE2006EFFC0 /* Debug */,
				92BB83E92AFC7BE2006EFFC0 /* Release */,
			);
			defaultConfigurationIsVisible = 0;
			defaultConfigurationName = Release;
		};
/* End XCConfigurationList section */

/* Begin XCVersionGroup section */
		92BB83DC2AFC7BDF006EFFC0 /* weather_app.xcdatamodeld */ = {
			isa = XCVersionGroup;
			children = (
				92BB83DD2AFC7BDF006EFFC0 /* weather_app.xcdatamodel */,
			);
			currentVersion = 92BB83DD2AFC7BDF006EFFC0 /* weather_app.xcdatamodel */;
			path = weather_app.xcdatamodeld;
			sourceTree = "<group>";
			versionGroupType = wrapper.xcdatamodel;
		};
/* End XCVersionGroup section */
	};
	rootObject = 92BB83C82AFC7BDF006EFFC0 /* Project object */;
}
